// !$*UTF8*$!
{
	archiveVersion = 1;
	classes = {
	};
	objectVersion = 50;
	objects = {

/* Begin PBXBuildFile section */
		0A36EB8523EECE4B00FC9F7D /* AudioPlayer.swift in Sources */ = {isa = PBXBuildFile; fileRef = 0A36EB8423EECE4B00FC9F7D /* AudioPlayer.swift */; };
		0A3A0D6923AFDC3800C74E8C /* CameraNode.swift in Sources */ = {isa = PBXBuildFile; fileRef = 0A3A0D6823AFDC3800C74E8C /* CameraNode.swift */; };
		0A3A0D6B23AFDE5900C74E8C /* CelestialCirclesNode.swift in Sources */ = {isa = PBXBuildFile; fileRef = 0A3A0D6A23AFDE5900C74E8C /* CelestialCirclesNode.swift */; };
		0A3A0D6D23AFE33E00C74E8C /* CelestialNode.swift in Sources */ = {isa = PBXBuildFile; fileRef = 0A3A0D6C23AFE33E00C74E8C /* CelestialNode.swift */; };
		0A3A0D6F23AFE77200C74E8C /* TextNode.swift in Sources */ = {isa = PBXBuildFile; fileRef = 0A3A0D6E23AFE77200C74E8C /* TextNode.swift */; };
		0A3A0D7123AFED3E00C74E8C /* PulsarNode.swift in Sources */ = {isa = PBXBuildFile; fileRef = 0A3A0D7023AFED3E00C74E8C /* PulsarNode.swift */; };
		0A3A0D8623AFF11A00C74E8C /* PulsarDatasource.framework in Copy Frameworks */ = {isa = PBXBuildFile; fileRef = 0A3A0D8223AFF0C900C74E8C /* PulsarDatasource.framework */; settings = {ATTRIBUTES = (CodeSignOnCopy, RemoveHeadersOnCopy, ); }; };
		0A992C7C23AF82E9001F7B28 /* AppDelegate.swift in Sources */ = {isa = PBXBuildFile; fileRef = 0A992C7B23AF82E9001F7B28 /* AppDelegate.swift */; };
		0A992C7E23AF82E9001F7B28 /* SceneDelegate.swift in Sources */ = {isa = PBXBuildFile; fileRef = 0A992C7D23AF82E9001F7B28 /* SceneDelegate.swift */; };
		0A992C8023AF82E9001F7B28 /* PulsarViewController.swift in Sources */ = {isa = PBXBuildFile; fileRef = 0A992C7F23AF82E9001F7B28 /* PulsarViewController.swift */; };
		0A992C8323AF82E9001F7B28 /* Main.storyboard in Resources */ = {isa = PBXBuildFile; fileRef = 0A992C8123AF82E9001F7B28 /* Main.storyboard */; };
		0A992C8523AF82EA001F7B28 /* Assets.xcassets in Resources */ = {isa = PBXBuildFile; fileRef = 0A992C8423AF82EA001F7B28 /* Assets.xcassets */; };
		0A992C8823AF82EA001F7B28 /* LaunchScreen.storyboard in Resources */ = {isa = PBXBuildFile; fileRef = 0A992C8623AF82EA001F7B28 /* LaunchScreen.storyboard */; };
		0A992C9323AF82EA001F7B28 /* SoundOfPulsarsTests.swift in Sources */ = {isa = PBXBuildFile; fileRef = 0A992C9223AF82EA001F7B28 /* SoundOfPulsarsTests.swift */; };
		0A992C9E23AF82EB001F7B28 /* SoundOfPulsarsUITests.swift in Sources */ = {isa = PBXBuildFile; fileRef = 0A992C9D23AF82EB001F7B28 /* SoundOfPulsarsUITests.swift */; };
		0A992CAC23AF9D6A001F7B28 /* CelestialScene.swift in Sources */ = {isa = PBXBuildFile; fileRef = 0A992CAB23AF9D6A001F7B28 /* CelestialScene.swift */; };
		0A992CB023AFA0F5001F7B28 /* SphereNode.swift in Sources */ = {isa = PBXBuildFile; fileRef = 0A992CAF23AFA0F5001F7B28 /* SphereNode.swift */; };
		0A992CB323AFA802001F7B28 /* UIImage.swift in Sources */ = {isa = PBXBuildFile; fileRef = 0A992CB223AFA802001F7B28 /* UIImage.swift */; };
		0AE9B9D923BCDB6B00AF7591 /* LightNode.swift in Sources */ = {isa = PBXBuildFile; fileRef = 0AE9B9D823BCDB6B00AF7591 /* LightNode.swift */; };
		0AE9B9DD23BD12B000AF7591 /* HorizonNode.swift in Sources */ = {isa = PBXBuildFile; fileRef = 0AE9B9DC23BD12B000AF7591 /* HorizonNode.swift */; };
		0AFDEADE23D6361E008AEA63 /* CameraNavigator.framework in Copy Frameworks */ = {isa = PBXBuildFile; fileRef = 0AFDEAD923D635CD008AEA63 /* CameraNavigator.framework */; settings = {ATTRIBUTES = (CodeSignOnCopy, RemoveHeadersOnCopy, ); }; };
		6BCE7E7DDBE170F240948163 /* Pods_SoundOfPulsars_SoundOfPulsarsUITests.framework in Frameworks */ = {isa = PBXBuildFile; fileRef = EEC169F108EFA58D3FD6252C /* Pods_SoundOfPulsars_SoundOfPulsarsUITests.framework */; };
		73B393450615092F15F885DA /* Pods_SoundOfPulsars.framework in Frameworks */ = {isa = PBXBuildFile; fileRef = 3078F573D37830ED8669042F /* Pods_SoundOfPulsars.framework */; };
		8961A723DFE93D7C8BDA2F8C /* Pods_SoundOfPulsarsTests.framework in Frameworks */ = {isa = PBXBuildFile; fileRef = B33DFE5C5F4E7E503CFEA600 /* Pods_SoundOfPulsarsTests.framework */; };
/* End PBXBuildFile section */

/* Begin PBXContainerItemProxy section */
		0A3A0D8123AFF0C900C74E8C /* PBXContainerItemProxy */ = {
			isa = PBXContainerItemProxy;
			containerPortal = 0A3A0D7C23AFF0C900C74E8C /* PulsarDatasource.xcodeproj */;
			proxyType = 2;
			remoteGlobalIDString = 0AA08ED02374BCA800D27CCB;
			remoteInfo = PulsarDatasource;
		};
		0A3A0D8323AFF0C900C74E8C /* PBXContainerItemProxy */ = {
			isa = PBXContainerItemProxy;
			containerPortal = 0A3A0D7C23AFF0C900C74E8C /* PulsarDatasource.xcodeproj */;
			proxyType = 2;
			remoteGlobalIDString = 0AA08ED92374BCA800D27CCB;
			remoteInfo = PulsarDatasourceTests;
		};
		0A992C8F23AF82EA001F7B28 /* PBXContainerItemProxy */ = {
			isa = PBXContainerItemProxy;
			containerPortal = 0A992C7023AF82E9001F7B28 /* Project object */;
			proxyType = 1;
			remoteGlobalIDString = 0A992C7723AF82E9001F7B28;
			remoteInfo = SoundOfPulsars;
		};
		0A992C9A23AF82EB001F7B28 /* PBXContainerItemProxy */ = {
			isa = PBXContainerItemProxy;
			containerPortal = 0A992C7023AF82E9001F7B28 /* Project object */;
			proxyType = 1;
			remoteGlobalIDString = 0A992C7723AF82E9001F7B28;
			remoteInfo = SoundOfPulsars;
		};
		0AFDEAD823D635CD008AEA63 /* PBXContainerItemProxy */ = {
			isa = PBXContainerItemProxy;
			containerPortal = 0AFDEAD323D635CD008AEA63 /* CameraNavigator.xcodeproj */;
			proxyType = 2;
			remoteGlobalIDString = DCC1768923D0F042009CC096;
			remoteInfo = CameraNavigator;
		};
		0AFDEADA23D635CD008AEA63 /* PBXContainerItemProxy */ = {
			isa = PBXContainerItemProxy;
			containerPortal = 0AFDEAD323D635CD008AEA63 /* CameraNavigator.xcodeproj */;
			proxyType = 2;
			remoteGlobalIDString = DCC1769223D0F042009CC096;
			remoteInfo = CameraNavigatorTests;
		};
/* End PBXContainerItemProxy section */

/* Begin PBXCopyFilesBuildPhase section */
		0A3A0D8523AFF0E700C74E8C /* Copy Frameworks */ = {
			isa = PBXCopyFilesBuildPhase;
			buildActionMask = 2147483647;
			dstPath = "";
			dstSubfolderSpec = 10;
			files = (
				0A3A0D8623AFF11A00C74E8C /* PulsarDatasource.framework in Copy Frameworks */,
				0AFDEADE23D6361E008AEA63 /* CameraNavigator.framework in Copy Frameworks */,
			);
			name = "Copy Frameworks";
			runOnlyForDeploymentPostprocessing = 0;
		};
/* End PBXCopyFilesBuildPhase section */

/* Begin PBXFileReference section */
		0A36EB8423EECE4B00FC9F7D /* AudioPlayer.swift */ = {isa = PBXFileReference; lastKnownFileType = sourcecode.swift; path = AudioPlayer.swift; sourceTree = "<group>"; };
		0A3A0D6823AFDC3800C74E8C /* CameraNode.swift */ = {isa = PBXFileReference; lastKnownFileType = sourcecode.swift; path = CameraNode.swift; sourceTree = "<group>"; };
		0A3A0D6A23AFDE5900C74E8C /* CelestialCirclesNode.swift */ = {isa = PBXFileReference; lastKnownFileType = sourcecode.swift; path = CelestialCirclesNode.swift; sourceTree = "<group>"; };
		0A3A0D6C23AFE33E00C74E8C /* CelestialNode.swift */ = {isa = PBXFileReference; lastKnownFileType = sourcecode.swift; path = CelestialNode.swift; sourceTree = "<group>"; };
		0A3A0D6E23AFE77200C74E8C /* TextNode.swift */ = {isa = PBXFileReference; lastKnownFileType = sourcecode.swift; path = TextNode.swift; sourceTree = "<group>"; };
		0A3A0D7023AFED3E00C74E8C /* PulsarNode.swift */ = {isa = PBXFileReference; lastKnownFileType = sourcecode.swift; path = PulsarNode.swift; sourceTree = "<group>"; };
		0A3A0D7C23AFF0C900C74E8C /* PulsarDatasource.xcodeproj */ = {isa = PBXFileReference; lastKnownFileType = "wrapper.pb-project"; name = PulsarDatasource.xcodeproj; path = ../PulsarDatasource/PulsarDatasource.xcodeproj; sourceTree = "<group>"; };
		0A992C7823AF82E9001F7B28 /* SoundOfPulsars.app */ = {isa = PBXFileReference; explicitFileType = wrapper.application; includeInIndex = 0; path = SoundOfPulsars.app; sourceTree = BUILT_PRODUCTS_DIR; };
		0A992C7B23AF82E9001F7B28 /* AppDelegate.swift */ = {isa = PBXFileReference; lastKnownFileType = sourcecode.swift; path = AppDelegate.swift; sourceTree = "<group>"; };
		0A992C7D23AF82E9001F7B28 /* SceneDelegate.swift */ = {isa = PBXFileReference; lastKnownFileType = sourcecode.swift; path = SceneDelegate.swift; sourceTree = "<group>"; };
		0A992C7F23AF82E9001F7B28 /* PulsarViewController.swift */ = {isa = PBXFileReference; lastKnownFileType = sourcecode.swift; path = PulsarViewController.swift; sourceTree = "<group>"; };
		0A992C8223AF82E9001F7B28 /* Base */ = {isa = PBXFileReference; lastKnownFileType = file.storyboard; name = Base; path = Base.lproj/Main.storyboard; sourceTree = "<group>"; };
		0A992C8423AF82EA001F7B28 /* Assets.xcassets */ = {isa = PBXFileReference; lastKnownFileType = folder.assetcatalog; path = Assets.xcassets; sourceTree = "<group>"; };
		0A992C8723AF82EA001F7B28 /* Base */ = {isa = PBXFileReference; lastKnownFileType = file.storyboard; name = Base; path = Base.lproj/LaunchScreen.storyboard; sourceTree = "<group>"; };
		0A992C8923AF82EA001F7B28 /* Info.plist */ = {isa = PBXFileReference; lastKnownFileType = text.plist.xml; path = Info.plist; sourceTree = "<group>"; };
		0A992C8E23AF82EA001F7B28 /* SoundOfPulsarsTests.xctest */ = {isa = PBXFileReference; explicitFileType = wrapper.cfbundle; includeInIndex = 0; path = SoundOfPulsarsTests.xctest; sourceTree = BUILT_PRODUCTS_DIR; };
		0A992C9223AF82EA001F7B28 /* SoundOfPulsarsTests.swift */ = {isa = PBXFileReference; lastKnownFileType = sourcecode.swift; path = SoundOfPulsarsTests.swift; sourceTree = "<group>"; };
		0A992C9423AF82EA001F7B28 /* Info.plist */ = {isa = PBXFileReference; lastKnownFileType = text.plist.xml; path = Info.plist; sourceTree = "<group>"; };
		0A992C9923AF82EB001F7B28 /* SoundOfPulsarsUITests.xctest */ = {isa = PBXFileReference; explicitFileType = wrapper.cfbundle; includeInIndex = 0; path = SoundOfPulsarsUITests.xctest; sourceTree = BUILT_PRODUCTS_DIR; };
		0A992C9D23AF82EB001F7B28 /* SoundOfPulsarsUITests.swift */ = {isa = PBXFileReference; lastKnownFileType = sourcecode.swift; path = SoundOfPulsarsUITests.swift; sourceTree = "<group>"; };
		0A992C9F23AF82EB001F7B28 /* Info.plist */ = {isa = PBXFileReference; lastKnownFileType = text.plist.xml; path = Info.plist; sourceTree = "<group>"; };
		0A992CAB23AF9D6A001F7B28 /* CelestialScene.swift */ = {isa = PBXFileReference; lastKnownFileType = sourcecode.swift; path = CelestialScene.swift; sourceTree = "<group>"; };
		0A992CAF23AFA0F5001F7B28 /* SphereNode.swift */ = {isa = PBXFileReference; lastKnownFileType = sourcecode.swift; path = SphereNode.swift; sourceTree = "<group>"; };
		0A992CB223AFA802001F7B28 /* UIImage.swift */ = {isa = PBXFileReference; lastKnownFileType = sourcecode.swift; path = UIImage.swift; sourceTree = "<group>"; };
		0AE9B9D823BCDB6B00AF7591 /* LightNode.swift */ = {isa = PBXFileReference; lastKnownFileType = sourcecode.swift; path = LightNode.swift; sourceTree = "<group>"; };
		0AE9B9DC23BD12B000AF7591 /* HorizonNode.swift */ = {isa = PBXFileReference; lastKnownFileType = sourcecode.swift; path = HorizonNode.swift; sourceTree = "<group>"; };
		0AFDEAD323D635CD008AEA63 /* CameraNavigator.xcodeproj */ = {isa = PBXFileReference; lastKnownFileType = "wrapper.pb-project"; name = CameraNavigator.xcodeproj; path = ../CameraNavigator/CameraNavigator.xcodeproj; sourceTree = "<group>"; };
		0B11F03D55705CDFCF41D96C /* Pods-SoundOfPulsars-SoundOfPulsarsUITests.release.xcconfig */ = {isa = PBXFileReference; includeInIndex = 1; lastKnownFileType = text.xcconfig; name = "Pods-SoundOfPulsars-SoundOfPulsarsUITests.release.xcconfig"; path = "Target Support Files/Pods-SoundOfPulsars-SoundOfPulsarsUITests/Pods-SoundOfPulsars-SoundOfPulsarsUITests.release.xcconfig"; sourceTree = "<group>"; };
		187746A25D810F64D44E2E41 /* Pods-SoundOfPulsars-SoundOfPulsarsUITests.debug.xcconfig */ = {isa = PBXFileReference; includeInIndex = 1; lastKnownFileType = text.xcconfig; name = "Pods-SoundOfPulsars-SoundOfPulsarsUITests.debug.xcconfig"; path = "Target Support Files/Pods-SoundOfPulsars-SoundOfPulsarsUITests/Pods-SoundOfPulsars-SoundOfPulsarsUITests.debug.xcconfig"; sourceTree = "<group>"; };
		3078F573D37830ED8669042F /* Pods_SoundOfPulsars.framework */ = {isa = PBXFileReference; explicitFileType = wrapper.framework; includeInIndex = 0; path = Pods_SoundOfPulsars.framework; sourceTree = BUILT_PRODUCTS_DIR; };
		5F82595D783B1C242F159468 /* Pods-SoundOfPulsars.debug.xcconfig */ = {isa = PBXFileReference; includeInIndex = 1; lastKnownFileType = text.xcconfig; name = "Pods-SoundOfPulsars.debug.xcconfig"; path = "Target Support Files/Pods-SoundOfPulsars/Pods-SoundOfPulsars.debug.xcconfig"; sourceTree = "<group>"; };
		632D27BCF0846A81053FAC47 /* Pods-SoundOfPulsars.release.xcconfig */ = {isa = PBXFileReference; includeInIndex = 1; lastKnownFileType = text.xcconfig; name = "Pods-SoundOfPulsars.release.xcconfig"; path = "Target Support Files/Pods-SoundOfPulsars/Pods-SoundOfPulsars.release.xcconfig"; sourceTree = "<group>"; };
		8E2A7252D66669EC99E36EAB /* Pods-SoundOfPulsarsTests.release.xcconfig */ = {isa = PBXFileReference; includeInIndex = 1; lastKnownFileType = text.xcconfig; name = "Pods-SoundOfPulsarsTests.release.xcconfig"; path = "Target Support Files/Pods-SoundOfPulsarsTests/Pods-SoundOfPulsarsTests.release.xcconfig"; sourceTree = "<group>"; };
		A7A18B80C578C7E008E228E8 /* Pods-SoundOfPulsarsTests.debug.xcconfig */ = {isa = PBXFileReference; includeInIndex = 1; lastKnownFileType = text.xcconfig; name = "Pods-SoundOfPulsarsTests.debug.xcconfig"; path = "Target Support Files/Pods-SoundOfPulsarsTests/Pods-SoundOfPulsarsTests.debug.xcconfig"; sourceTree = "<group>"; };
		B33DFE5C5F4E7E503CFEA600 /* Pods_SoundOfPulsarsTests.framework */ = {isa = PBXFileReference; explicitFileType = wrapper.framework; includeInIndex = 0; path = Pods_SoundOfPulsarsTests.framework; sourceTree = BUILT_PRODUCTS_DIR; };
		EEC169F108EFA58D3FD6252C /* Pods_SoundOfPulsars_SoundOfPulsarsUITests.framework */ = {isa = PBXFileReference; explicitFileType = wrapper.framework; includeInIndex = 0; path = Pods_SoundOfPulsars_SoundOfPulsarsUITests.framework; sourceTree = BUILT_PRODUCTS_DIR; };
/* End PBXFileReference section */

/* Begin PBXFrameworksBuildPhase section */
		0A992C7523AF82E9001F7B28 /* Frameworks */ = {
			isa = PBXFrameworksBuildPhase;
			buildActionMask = 2147483647;
			files = (
				73B393450615092F15F885DA /* Pods_SoundOfPulsars.framework in Frameworks */,
			);
			runOnlyForDeploymentPostprocessing = 0;
		};
		0A992C8B23AF82EA001F7B28 /* Frameworks */ = {
			isa = PBXFrameworksBuildPhase;
			buildActionMask = 2147483647;
			files = (
				8961A723DFE93D7C8BDA2F8C /* Pods_SoundOfPulsarsTests.framework in Frameworks */,
			);
			runOnlyForDeploymentPostprocessing = 0;
		};
		0A992C9623AF82EB001F7B28 /* Frameworks */ = {
			isa = PBXFrameworksBuildPhase;
			buildActionMask = 2147483647;
			files = (
				6BCE7E7DDBE170F240948163 /* Pods_SoundOfPulsars_SoundOfPulsarsUITests.framework in Frameworks */,
			);
			runOnlyForDeploymentPostprocessing = 0;
		};
/* End PBXFrameworksBuildPhase section */

/* Begin PBXGroup section */
		0A3A0D7223AFEFD400C74E8C /* Dependencies */ = {
			isa = PBXGroup;
			children = (
				0AFDEAD323D635CD008AEA63 /* CameraNavigator.xcodeproj */,
				0A3A0D7C23AFF0C900C74E8C /* PulsarDatasource.xcodeproj */,
			);
			name = Dependencies;
			sourceTree = "<group>";
		};
		0A3A0D7D23AFF0C900C74E8C /* Products */ = {
			isa = PBXGroup;
			children = (
				0A3A0D8223AFF0C900C74E8C /* PulsarDatasource.framework */,
				0A3A0D8423AFF0C900C74E8C /* PulsarDatasourceTests.xctest */,
			);
			name = Products;
			sourceTree = "<group>";
		};
		0A992C6F23AF82E9001F7B28 = {
			isa = PBXGroup;
			children = (
				0A992C7A23AF82E9001F7B28 /* SoundOfPulsars */,
				0A992C9123AF82EA001F7B28 /* SoundOfPulsarsTests */,
				0A992C9C23AF82EB001F7B28 /* SoundOfPulsarsUITests */,
				0A3A0D7223AFEFD400C74E8C /* Dependencies */,
				0A992C7923AF82E9001F7B28 /* Products */,
				C5C081618AF54910D729BFC7 /* Pods */,
				4398D68DF700670F142A971F /* Frameworks */,
			);
			sourceTree = "<group>";
		};
		0A992C7923AF82E9001F7B28 /* Products */ = {
			isa = PBXGroup;
			children = (
				0A992C7823AF82E9001F7B28 /* SoundOfPulsars.app */,
				0A992C8E23AF82EA001F7B28 /* SoundOfPulsarsTests.xctest */,
				0A992C9923AF82EB001F7B28 /* SoundOfPulsarsUITests.xctest */,
			);
			name = Products;
			sourceTree = "<group>";
		};
		0A992C7A23AF82E9001F7B28 /* SoundOfPulsars */ = {
			isa = PBXGroup;
			children = (
				0A992CB123AFA7F5001F7B28 /* Extensions */,
				0A992CAD23AFA0D6001F7B28 /* CelestialSphere */,
				0A992C7B23AF82E9001F7B28 /* AppDelegate.swift */,
				0A992C7D23AF82E9001F7B28 /* SceneDelegate.swift */,
				0A992C7F23AF82E9001F7B28 /* PulsarViewController.swift */,
				0A992C8123AF82E9001F7B28 /* Main.storyboard */,
				0A992C8423AF82EA001F7B28 /* Assets.xcassets */,
				0A992C8623AF82EA001F7B28 /* LaunchScreen.storyboard */,
				0A992C8923AF82EA001F7B28 /* Info.plist */,
				0A36EB8423EECE4B00FC9F7D /* AudioPlayer.swift */,
			);
			path = SoundOfPulsars;
			sourceTree = "<group>";
		};
		0A992C9123AF82EA001F7B28 /* SoundOfPulsarsTests */ = {
			isa = PBXGroup;
			children = (
				0A992C9223AF82EA001F7B28 /* SoundOfPulsarsTests.swift */,
				0A992C9423AF82EA001F7B28 /* Info.plist */,
			);
			path = SoundOfPulsarsTests;
			sourceTree = "<group>";
		};
		0A992C9C23AF82EB001F7B28 /* SoundOfPulsarsUITests */ = {
			isa = PBXGroup;
			children = (
				0A992C9D23AF82EB001F7B28 /* SoundOfPulsarsUITests.swift */,
				0A992C9F23AF82EB001F7B28 /* Info.plist */,
			);
			path = SoundOfPulsarsUITests;
			sourceTree = "<group>";
		};
		0A992CAD23AFA0D6001F7B28 /* CelestialSphere */ = {
			isa = PBXGroup;
			children = (
				0A992CAB23AF9D6A001F7B28 /* CelestialScene.swift */,
				0A992CAE23AFA0E1001F7B28 /* Nodes */,
			);
			path = CelestialSphere;
			sourceTree = "<group>";
		};
		0A992CAE23AFA0E1001F7B28 /* Nodes */ = {
			isa = PBXGroup;
			children = (
				0A3A0D6C23AFE33E00C74E8C /* CelestialNode.swift */,
				0A992CAF23AFA0F5001F7B28 /* SphereNode.swift */,
				0A3A0D6823AFDC3800C74E8C /* CameraNode.swift */,
				0AE9B9D823BCDB6B00AF7591 /* LightNode.swift */,
				0A3A0D7023AFED3E00C74E8C /* PulsarNode.swift */,
				0A3A0D6E23AFE77200C74E8C /* TextNode.swift */,
				0AE9B9DC23BD12B000AF7591 /* HorizonNode.swift */,
				0A3A0D6A23AFDE5900C74E8C /* CelestialCirclesNode.swift */,
			);
			path = Nodes;
			sourceTree = "<group>";
		};
		0A992CB123AFA7F5001F7B28 /* Extensions */ = {
			isa = PBXGroup;
			children = (
				0A992CB223AFA802001F7B28 /* UIImage.swift */,
			);
			path = Extensions;
			sourceTree = "<group>";
		};
		0AFDEAD423D635CD008AEA63 /* Products */ = {
			isa = PBXGroup;
			children = (
				0AFDEAD923D635CD008AEA63 /* CameraNavigator.framework */,
				0AFDEADB23D635CD008AEA63 /* CameraNavigatorTests.xctest */,
			);
			name = Products;
			sourceTree = "<group>";
		};
		4398D68DF700670F142A971F /* Frameworks */ = {
			isa = PBXGroup;
			children = (
				3078F573D37830ED8669042F /* Pods_SoundOfPulsars.framework */,
				EEC169F108EFA58D3FD6252C /* Pods_SoundOfPulsars_SoundOfPulsarsUITests.framework */,
				B33DFE5C5F4E7E503CFEA600 /* Pods_SoundOfPulsarsTests.framework */,
			);
			name = Frameworks;
			sourceTree = "<group>";
		};
		C5C081618AF54910D729BFC7 /* Pods */ = {
			isa = PBXGroup;
			children = (
				5F82595D783B1C242F159468 /* Pods-SoundOfPulsars.debug.xcconfig */,
				632D27BCF0846A81053FAC47 /* Pods-SoundOfPulsars.release.xcconfig */,
				187746A25D810F64D44E2E41 /* Pods-SoundOfPulsars-SoundOfPulsarsUITests.debug.xcconfig */,
				0B11F03D55705CDFCF41D96C /* Pods-SoundOfPulsars-SoundOfPulsarsUITests.release.xcconfig */,
				A7A18B80C578C7E008E228E8 /* Pods-SoundOfPulsarsTests.debug.xcconfig */,
				8E2A7252D66669EC99E36EAB /* Pods-SoundOfPulsarsTests.release.xcconfig */,
			);
			path = Pods;
			sourceTree = "<group>";
		};
/* End PBXGroup section */

/* Begin PBXNativeTarget section */
		0A992C7723AF82E9001F7B28 /* SoundOfPulsars */ = {
			isa = PBXNativeTarget;
			buildConfigurationList = 0A992CA223AF82EB001F7B28 /* Build configuration list for PBXNativeTarget "SoundOfPulsars" */;
			buildPhases = (
				8A2B5C151CA6D63F87A922FC /* [CP] Check Pods Manifest.lock */,
				0A992C7423AF82E9001F7B28 /* Sources */,
				0A992C7523AF82E9001F7B28 /* Frameworks */,
				0A992C7623AF82E9001F7B28 /* Resources */,
				0A3A0D8523AFF0E700C74E8C /* Copy Frameworks */,
			);
			buildRules = (
			);
			dependencies = (
			);
			name = SoundOfPulsars;
			productName = SoundOfPulsars;
			productReference = 0A992C7823AF82E9001F7B28 /* SoundOfPulsars.app */;
			productType = "com.apple.product-type.application";
		};
		0A992C8D23AF82EA001F7B28 /* SoundOfPulsarsTests */ = {
			isa = PBXNativeTarget;
			buildConfigurationList = 0A992CA523AF82EB001F7B28 /* Build configuration list for PBXNativeTarget "SoundOfPulsarsTests" */;
			buildPhases = (
				B5513507B17B3088F41E6BA3 /* [CP] Check Pods Manifest.lock */,
				0A992C8A23AF82EA001F7B28 /* Sources */,
				0A992C8B23AF82EA001F7B28 /* Frameworks */,
				0A992C8C23AF82EA001F7B28 /* Resources */,
			);
			buildRules = (
			);
			dependencies = (
				0A992C9023AF82EA001F7B28 /* PBXTargetDependency */,
			);
			name = SoundOfPulsarsTests;
			productName = SoundOfPulsarsTests;
			productReference = 0A992C8E23AF82EA001F7B28 /* SoundOfPulsarsTests.xctest */;
			productType = "com.apple.product-type.bundle.unit-test";
		};
		0A992C9823AF82EB001F7B28 /* SoundOfPulsarsUITests */ = {
			isa = PBXNativeTarget;
			buildConfigurationList = 0A992CA823AF82EB001F7B28 /* Build configuration list for PBXNativeTarget "SoundOfPulsarsUITests" */;
			buildPhases = (
				C0B22CD75E43CF353F252A0F /* [CP] Check Pods Manifest.lock */,
				0A992C9523AF82EB001F7B28 /* Sources */,
				0A992C9623AF82EB001F7B28 /* Frameworks */,
				0A992C9723AF82EB001F7B28 /* Resources */,
			);
			buildRules = (
			);
			dependencies = (
				0A992C9B23AF82EB001F7B28 /* PBXTargetDependency */,
			);
			name = SoundOfPulsarsUITests;
			productName = SoundOfPulsarsUITests;
			productReference = 0A992C9923AF82EB001F7B28 /* SoundOfPulsarsUITests.xctest */;
			productType = "com.apple.product-type.bundle.ui-testing";
		};
/* End PBXNativeTarget section */

/* Begin PBXProject section */
		0A992C7023AF82E9001F7B28 /* Project object */ = {
			isa = PBXProject;
			attributes = {
				LastSwiftUpdateCheck = 1110;
				LastUpgradeCheck = 1110;
				ORGANIZATIONNAME = EsmaGO;
				TargetAttributes = {
					0A992C7723AF82E9001F7B28 = {
						CreatedOnToolsVersion = 11.1;
					};
					0A992C8D23AF82EA001F7B28 = {
						CreatedOnToolsVersion = 11.1;
						TestTargetID = 0A992C7723AF82E9001F7B28;
					};
					0A992C9823AF82EB001F7B28 = {
						CreatedOnToolsVersion = 11.1;
						TestTargetID = 0A992C7723AF82E9001F7B28;
					};
				};
			};
			buildConfigurationList = 0A992C7323AF82E9001F7B28 /* Build configuration list for PBXProject "SoundOfPulsars" */;
			compatibilityVersion = "Xcode 9.3";
			developmentRegion = en;
			hasScannedForEncodings = 0;
			knownRegions = (
				en,
				Base,
			);
			mainGroup = 0A992C6F23AF82E9001F7B28;
			productRefGroup = 0A992C7923AF82E9001F7B28 /* Products */;
			projectDirPath = "";
			projectReferences = (
				{
					ProductGroup = 0AFDEAD423D635CD008AEA63 /* Products */;
					ProjectRef = 0AFDEAD323D635CD008AEA63 /* CameraNavigator.xcodeproj */;
				},
				{
					ProductGroup = 0A3A0D7D23AFF0C900C74E8C /* Products */;
					ProjectRef = 0A3A0D7C23AFF0C900C74E8C /* PulsarDatasource.xcodeproj */;
				},
			);
			projectRoot = "";
			targets = (
				0A992C7723AF82E9001F7B28 /* SoundOfPulsars */,
				0A992C8D23AF82EA001F7B28 /* SoundOfPulsarsTests */,
				0A992C9823AF82EB001F7B28 /* SoundOfPulsarsUITests */,
			);
		};
/* End PBXProject section */

/* Begin PBXReferenceProxy section */
		0A3A0D8223AFF0C900C74E8C /* PulsarDatasource.framework */ = {
			isa = PBXReferenceProxy;
			fileType = wrapper.framework;
			path = PulsarDatasource.framework;
			remoteRef = 0A3A0D8123AFF0C900C74E8C /* PBXContainerItemProxy */;
			sourceTree = BUILT_PRODUCTS_DIR;
		};
		0A3A0D8423AFF0C900C74E8C /* PulsarDatasourceTests.xctest */ = {
			isa = PBXReferenceProxy;
			fileType = wrapper.cfbundle;
			path = PulsarDatasourceTests.xctest;
			remoteRef = 0A3A0D8323AFF0C900C74E8C /* PBXContainerItemProxy */;
			sourceTree = BUILT_PRODUCTS_DIR;
		};
		0AFDEAD923D635CD008AEA63 /* CameraNavigator.framework */ = {
			isa = PBXReferenceProxy;
			fileType = wrapper.framework;
			path = CameraNavigator.framework;
			remoteRef = 0AFDEAD823D635CD008AEA63 /* PBXContainerItemProxy */;
			sourceTree = BUILT_PRODUCTS_DIR;
		};
		0AFDEADB23D635CD008AEA63 /* CameraNavigatorTests.xctest */ = {
			isa = PBXReferenceProxy;
			fileType = wrapper.cfbundle;
			path = CameraNavigatorTests.xctest;
			remoteRef = 0AFDEADA23D635CD008AEA63 /* PBXContainerItemProxy */;
			sourceTree = BUILT_PRODUCTS_DIR;
		};
/* End PBXReferenceProxy section */

/* Begin PBXResourcesBuildPhase section */
		0A992C7623AF82E9001F7B28 /* Resources */ = {
			isa = PBXResourcesBuildPhase;
			buildActionMask = 2147483647;
			files = (
				0A992C8823AF82EA001F7B28 /* LaunchScreen.storyboard in Resources */,
				0A992C8523AF82EA001F7B28 /* Assets.xcassets in Resources */,
				0A992C8323AF82E9001F7B28 /* Main.storyboard in Resources */,
			);
			runOnlyForDeploymentPostprocessing = 0;
		};
		0A992C8C23AF82EA001F7B28 /* Resources */ = {
			isa = PBXResourcesBuildPhase;
			buildActionMask = 2147483647;
			files = (
			);
			runOnlyForDeploymentPostprocessing = 0;
		};
		0A992C9723AF82EB001F7B28 /* Resources */ = {
			isa = PBXResourcesBuildPhase;
			buildActionMask = 2147483647;
			files = (
			);
			runOnlyForDeploymentPostprocessing = 0;
		};
/* End PBXResourcesBuildPhase section */

/* Begin PBXShellScriptBuildPhase section */
		8A2B5C151CA6D63F87A922FC /* [CP] Check Pods Manifest.lock */ = {
			isa = PBXShellScriptBuildPhase;
			buildActionMask = 2147483647;
			files = (
			);
			inputFileListPaths = (
			);
			inputPaths = (
				"${PODS_PODFILE_DIR_PATH}/Podfile.lock",
				"${PODS_ROOT}/Manifest.lock",
			);
			name = "[CP] Check Pods Manifest.lock";
			outputFileListPaths = (
			);
			outputPaths = (
				"$(DERIVED_FILE_DIR)/Pods-SoundOfPulsars-checkManifestLockResult.txt",
			);
			runOnlyForDeploymentPostprocessing = 0;
			shellPath = /bin/sh;
			shellScript = "diff \"${PODS_PODFILE_DIR_PATH}/Podfile.lock\" \"${PODS_ROOT}/Manifest.lock\" > /dev/null\nif [ $? != 0 ] ; then\n    # print error to STDERR\n    echo \"error: The sandbox is not in sync with the Podfile.lock. Run 'pod install' or update your CocoaPods installation.\" >&2\n    exit 1\nfi\n# This output is used by Xcode 'outputs' to avoid re-running this script phase.\necho \"SUCCESS\" > \"${SCRIPT_OUTPUT_FILE_0}\"\n";
			showEnvVarsInLog = 0;
		};
		B5513507B17B3088F41E6BA3 /* [CP] Check Pods Manifest.lock */ = {
			isa = PBXShellScriptBuildPhase;
			buildActionMask = 2147483647;
			files = (
			);
			inputFileListPaths = (
			);
			inputPaths = (
				"${PODS_PODFILE_DIR_PATH}/Podfile.lock",
				"${PODS_ROOT}/Manifest.lock",
			);
			name = "[CP] Check Pods Manifest.lock";
			outputFileListPaths = (
			);
			outputPaths = (
				"$(DERIVED_FILE_DIR)/Pods-SoundOfPulsarsTests-checkManifestLockResult.txt",
			);
			runOnlyForDeploymentPostprocessing = 0;
			shellPath = /bin/sh;
			shellScript = "diff \"${PODS_PODFILE_DIR_PATH}/Podfile.lock\" \"${PODS_ROOT}/Manifest.lock\" > /dev/null\nif [ $? != 0 ] ; then\n    # print error to STDERR\n    echo \"error: The sandbox is not in sync with the Podfile.lock. Run 'pod install' or update your CocoaPods installation.\" >&2\n    exit 1\nfi\n# This output is used by Xcode 'outputs' to avoid re-running this script phase.\necho \"SUCCESS\" > \"${SCRIPT_OUTPUT_FILE_0}\"\n";
			showEnvVarsInLog = 0;
		};
		C0B22CD75E43CF353F252A0F /* [CP] Check Pods Manifest.lock */ = {
			isa = PBXShellScriptBuildPhase;
			buildActionMask = 2147483647;
			files = (
			);
			inputFileListPaths = (
			);
			inputPaths = (
				"${PODS_PODFILE_DIR_PATH}/Podfile.lock",
				"${PODS_ROOT}/Manifest.lock",
			);
			name = "[CP] Check Pods Manifest.lock";
			outputFileListPaths = (
			);
			outputPaths = (
				"$(DERIVED_FILE_DIR)/Pods-SoundOfPulsars-SoundOfPulsarsUITests-checkManifestLockResult.txt",
			);
			runOnlyForDeploymentPostprocessing = 0;
			shellPath = /bin/sh;
			shellScript = "diff \"${PODS_PODFILE_DIR_PATH}/Podfile.lock\" \"${PODS_ROOT}/Manifest.lock\" > /dev/null\nif [ $? != 0 ] ; then\n    # print error to STDERR\n    echo \"error: The sandbox is not in sync with the Podfile.lock. Run 'pod install' or update your CocoaPods installation.\" >&2\n    exit 1\nfi\n# This output is used by Xcode 'outputs' to avoid re-running this script phase.\necho \"SUCCESS\" > \"${SCRIPT_OUTPUT_FILE_0}\"\n";
			showEnvVarsInLog = 0;
		};
/* End PBXShellScriptBuildPhase section */

/* Begin PBXSourcesBuildPhase section */
		0A992C7423AF82E9001F7B28 /* Sources */ = {
			isa = PBXSourcesBuildPhase;
			buildActionMask = 2147483647;
			files = (
				0AE9B9D923BCDB6B00AF7591 /* LightNode.swift in Sources */,
				0A992C8023AF82E9001F7B28 /* PulsarViewController.swift in Sources */,
				0A3A0D7123AFED3E00C74E8C /* PulsarNode.swift in Sources */,
				0A3A0D6923AFDC3800C74E8C /* CameraNode.swift in Sources */,
				0A992CB023AFA0F5001F7B28 /* SphereNode.swift in Sources */,
				0A3A0D6B23AFDE5900C74E8C /* CelestialCirclesNode.swift in Sources */,
				0A992CAC23AF9D6A001F7B28 /* CelestialScene.swift in Sources */,
				0A992CB323AFA802001F7B28 /* UIImage.swift in Sources */,
				0A3A0D6D23AFE33E00C74E8C /* CelestialNode.swift in Sources */,
				0AE9B9DD23BD12B000AF7591 /* HorizonNode.swift in Sources */,
				0A992C7C23AF82E9001F7B28 /* AppDelegate.swift in Sources */,
				0A3A0D6F23AFE77200C74E8C /* TextNode.swift in Sources */,
				0A992C7E23AF82E9001F7B28 /* SceneDelegate.swift in Sources */,
				0A36EB8523EECE4B00FC9F7D /* AudioPlayer.swift in Sources */,
			);
			runOnlyForDeploymentPostprocessing = 0;
		};
		0A992C8A23AF82EA001F7B28 /* Sources */ = {
			isa = PBXSourcesBuildPhase;
			buildActionMask = 2147483647;
			files = (
				0A992C9323AF82EA001F7B28 /* SoundOfPulsarsTests.swift in Sources */,
			);
			runOnlyForDeploymentPostprocessing = 0;
		};
		0A992C9523AF82EB001F7B28 /* Sources */ = {
			isa = PBXSourcesBuildPhase;
			buildActionMask = 2147483647;
			files = (
				0A992C9E23AF82EB001F7B28 /* SoundOfPulsarsUITests.swift in Sources */,
			);
			runOnlyForDeploymentPostprocessing = 0;
		};
/* End PBXSourcesBuildPhase section */

/* Begin PBXTargetDependency section */
		0A992C9023AF82EA001F7B28 /* PBXTargetDependency */ = {
			isa = PBXTargetDependency;
			target = 0A992C7723AF82E9001F7B28 /* SoundOfPulsars */;
			targetProxy = 0A992C8F23AF82EA001F7B28 /* PBXContainerItemProxy */;
		};
		0A992C9B23AF82EB001F7B28 /* PBXTargetDependency */ = {
			isa = PBXTargetDependency;
			target = 0A992C7723AF82E9001F7B28 /* SoundOfPulsars */;
			targetProxy = 0A992C9A23AF82EB001F7B28 /* PBXContainerItemProxy */;
		};
/* End PBXTargetDependency section */

/* Begin PBXVariantGroup section */
		0A992C8123AF82E9001F7B28 /* Main.storyboard */ = {
			isa = PBXVariantGroup;
			children = (
				0A992C8223AF82E9001F7B28 /* Base */,
			);
			name = Main.storyboard;
			sourceTree = "<group>";
		};
		0A992C8623AF82EA001F7B28 /* LaunchScreen.storyboard */ = {
			isa = PBXVariantGroup;
			children = (
				0A992C8723AF82EA001F7B28 /* Base */,
			);
			name = LaunchScreen.storyboard;
			sourceTree = "<group>";
		};
/* End PBXVariantGroup section */

/* Begin XCBuildConfiguration section */
		0A992CA023AF82EB001F7B28 /* Debug */ = {
			isa = XCBuildConfiguration;
			buildSettings = {
				ALWAYS_SEARCH_USER_PATHS = NO;
				CLANG_ANALYZER_NONNULL = YES;
				CLANG_ANALYZER_NUMBER_OBJECT_CONVERSION = YES_AGGRESSIVE;
				CLANG_CXX_LANGUAGE_STANDARD = "gnu++14";
				CLANG_CXX_LIBRARY = "libc++";
				CLANG_ENABLE_MODULES = YES;
				CLANG_ENABLE_OBJC_ARC = YES;
				CLANG_ENABLE_OBJC_WEAK = YES;
				CLANG_WARN_BLOCK_CAPTURE_AUTORELEASING = YES;
				CLANG_WARN_BOOL_CONVERSION = YES;
				CLANG_WARN_COMMA = YES;
				CLANG_WARN_CONSTANT_CONVERSION = YES;
				CLANG_WARN_DEPRECATED_OBJC_IMPLEMENTATIONS = YES;
				CLANG_WARN_DIRECT_OBJC_ISA_USAGE = YES_ERROR;
				CLANG_WARN_DOCUMENTATION_COMMENTS = YES;
				CLANG_WARN_EMPTY_BODY = YES;
				CLANG_WARN_ENUM_CONVERSION = YES;
				CLANG_WARN_INFINITE_RECURSION = YES;
				CLANG_WARN_INT_CONVERSION = YES;
				CLANG_WARN_NON_LITERAL_NULL_CONVERSION = YES;
				CLANG_WARN_OBJC_IMPLICIT_RETAIN_SELF = YES;
				CLANG_WARN_OBJC_LITERAL_CONVERSION = YES;
				CLANG_WARN_OBJC_ROOT_CLASS = YES_ERROR;
				CLANG_WARN_RANGE_LOOP_ANALYSIS = YES;
				CLANG_WARN_STRICT_PROTOTYPES = YES;
				CLANG_WARN_SUSPICIOUS_MOVE = YES;
				CLANG_WARN_UNGUARDED_AVAILABILITY = YES_AGGRESSIVE;
				CLANG_WARN_UNREACHABLE_CODE = YES;
				CLANG_WARN__DUPLICATE_METHOD_MATCH = YES;
				COPY_PHASE_STRIP = NO;
				DEBUG_INFORMATION_FORMAT = dwarf;
				ENABLE_STRICT_OBJC_MSGSEND = YES;
				ENABLE_TESTABILITY = YES;
				GCC_C_LANGUAGE_STANDARD = gnu11;
				GCC_DYNAMIC_NO_PIC = NO;
				GCC_NO_COMMON_BLOCKS = YES;
				GCC_OPTIMIZATION_LEVEL = 0;
				GCC_PREPROCESSOR_DEFINITIONS = (
					"DEBUG=1",
					"$(inherited)",
				);
				GCC_WARN_64_TO_32_BIT_CONVERSION = YES;
				GCC_WARN_ABOUT_RETURN_TYPE = YES_ERROR;
				GCC_WARN_UNDECLARED_SELECTOR = YES;
				GCC_WARN_UNINITIALIZED_AUTOS = YES_AGGRESSIVE;
				GCC_WARN_UNUSED_FUNCTION = YES;
				GCC_WARN_UNUSED_VARIABLE = YES;
				IPHONEOS_DEPLOYMENT_TARGET = 13.1;
				MTL_ENABLE_DEBUG_INFO = INCLUDE_SOURCE;
				MTL_FAST_MATH = YES;
				ONLY_ACTIVE_ARCH = YES;
				SDKROOT = iphoneos;
				SWIFT_ACTIVE_COMPILATION_CONDITIONS = DEBUG;
				SWIFT_OPTIMIZATION_LEVEL = "-Onone";
			};
			name = Debug;
		};
		0A992CA123AF82EB001F7B28 /* Release */ = {
			isa = XCBuildConfiguration;
			buildSettings = {
				ALWAYS_SEARCH_USER_PATHS = NO;
				CLANG_ANALYZER_NONNULL = YES;
				CLANG_ANALYZER_NUMBER_OBJECT_CONVERSION = YES_AGGRESSIVE;
				CLANG_CXX_LANGUAGE_STANDARD = "gnu++14";
				CLANG_CXX_LIBRARY = "libc++";
				CLANG_ENABLE_MODULES = YES;
				CLANG_ENABLE_OBJC_ARC = YES;
				CLANG_ENABLE_OBJC_WEAK = YES;
				CLANG_WARN_BLOCK_CAPTURE_AUTORELEASING = YES;
				CLANG_WARN_BOOL_CONVERSION = YES;
				CLANG_WARN_COMMA = YES;
				CLANG_WARN_CONSTANT_CONVERSION = YES;
				CLANG_WARN_DEPRECATED_OBJC_IMPLEMENTATIONS = YES;
				CLANG_WARN_DIRECT_OBJC_ISA_USAGE = YES_ERROR;
				CLANG_WARN_DOCUMENTATION_COMMENTS = YES;
				CLANG_WARN_EMPTY_BODY = YES;
				CLANG_WARN_ENUM_CONVERSION = YES;
				CLANG_WARN_INFINITE_RECURSION = YES;
				CLANG_WARN_INT_CONVERSION = YES;
				CLANG_WARN_NON_LITERAL_NULL_CONVERSION = YES;
				CLANG_WARN_OBJC_IMPLICIT_RETAIN_SELF = YES;
				CLANG_WARN_OBJC_LITERAL_CONVERSION = YES;
				CLANG_WARN_OBJC_ROOT_CLASS = YES_ERROR;
				CLANG_WARN_RANGE_LOOP_ANALYSIS = YES;
				CLANG_WARN_STRICT_PROTOTYPES = YES;
				CLANG_WARN_SUSPICIOUS_MOVE = YES;
				CLANG_WARN_UNGUARDED_AVAILABILITY = YES_AGGRESSIVE;
				CLANG_WARN_UNREACHABLE_CODE = YES;
				CLANG_WARN__DUPLICATE_METHOD_MATCH = YES;
				COPY_PHASE_STRIP = NO;
				DEBUG_INFORMATION_FORMAT = "dwarf-with-dsym";
				ENABLE_NS_ASSERTIONS = NO;
				ENABLE_STRICT_OBJC_MSGSEND = YES;
				GCC_C_LANGUAGE_STANDARD = gnu11;
				GCC_NO_COMMON_BLOCKS = YES;
				GCC_WARN_64_TO_32_BIT_CONVERSION = YES;
				GCC_WARN_ABOUT_RETURN_TYPE = YES_ERROR;
				GCC_WARN_UNDECLARED_SELECTOR = YES;
				GCC_WARN_UNINITIALIZED_AUTOS = YES_AGGRESSIVE;
				GCC_WARN_UNUSED_FUNCTION = YES;
				GCC_WARN_UNUSED_VARIABLE = YES;
				IPHONEOS_DEPLOYMENT_TARGET = 13.1;
				MTL_ENABLE_DEBUG_INFO = NO;
				MTL_FAST_MATH = YES;
				SDKROOT = iphoneos;
				SWIFT_COMPILATION_MODE = wholemodule;
				SWIFT_OPTIMIZATION_LEVEL = "-O";
				VALIDATE_PRODUCT = YES;
			};
			name = Release;
		};
		0A992CA323AF82EB001F7B28 /* Debug */ = {
			isa = XCBuildConfiguration;
			baseConfigurationReference = 5F82595D783B1C242F159468 /* Pods-SoundOfPulsars.debug.xcconfig */;
			buildSettings = {
				ASSETCATALOG_COMPILER_APPICON_NAME = AppIcon;
				CODE_SIGN_STYLE = Automatic;
				DEVELOPMENT_TEAM = Z7U543763F;
				INFOPLIST_FILE = SoundOfPulsars/Info.plist;
				LD_RUNPATH_SEARCH_PATHS = (
					"$(inherited)",
					"@executable_path/Frameworks",
				);
				PRODUCT_BUNDLE_IDENTIFIER = com.esmago.SoundOfPulsars;
				PRODUCT_NAME = "$(TARGET_NAME)";
				SWIFT_VERSION = 5.0;
				TARGETED_DEVICE_FAMILY = 1;
			};
			name = Debug;
		};
		0A992CA423AF82EB001F7B28 /* Release */ = {
			isa = XCBuildConfiguration;
			baseConfigurationReference = 632D27BCF0846A81053FAC47 /* Pods-SoundOfPulsars.release.xcconfig */;
			buildSettings = {
				ASSETCATALOG_COMPILER_APPICON_NAME = AppIcon;
				CODE_SIGN_STYLE = Automatic;
				DEVELOPMENT_TEAM = Z7U543763F;
				INFOPLIST_FILE = SoundOfPulsars/Info.plist;
				LD_RUNPATH_SEARCH_PATHS = (
					"$(inherited)",
					"@executable_path/Frameworks",
				);
				PRODUCT_BUNDLE_IDENTIFIER = com.esmago.SoundOfPulsars;
				PRODUCT_NAME = "$(TARGET_NAME)";
				SWIFT_VERSION = 5.0;
				TARGETED_DEVICE_FAMILY = 1;
			};
			name = Release;
		};
		0A992CA623AF82EB001F7B28 /* Debug */ = {
			isa = XCBuildConfiguration;
			baseConfigurationReference = A7A18B80C578C7E008E228E8 /* Pods-SoundOfPulsarsTests.debug.xcconfig */;
			buildSettings = {
				ALWAYS_EMBED_SWIFT_STANDARD_LIBRARIES = YES;
				BUNDLE_LOADER = "$(TEST_HOST)";
				CODE_SIGN_STYLE = Automatic;
				DEVELOPMENT_TEAM = Z7U543763F;
				INFOPLIST_FILE = SoundOfPulsarsTests/Info.plist;
				IPHONEOS_DEPLOYMENT_TARGET = 13.1;
				LD_RUNPATH_SEARCH_PATHS = (
					"$(inherited)",
					"@executable_path/Frameworks",
					"@loader_path/Frameworks",
				);
				PRODUCT_BUNDLE_IDENTIFIER = com.esmago.SoundOfPulsarsTests;
				PRODUCT_NAME = "$(TARGET_NAME)";
				SWIFT_VERSION = 5.0;
				TARGETED_DEVICE_FAMILY = "1,2";
				TEST_HOST = "$(BUILT_PRODUCTS_DIR)/SoundOfPulsars.app/SoundOfPulsars";
			};
			name = Debug;
		};
		0A992CA723AF82EB001F7B28 /* Release */ = {
			isa = XCBuildConfiguration;
			baseConfigurationReference = 8E2A7252D66669EC99E36EAB /* Pods-SoundOfPulsarsTests.release.xcconfig */;
			buildSettings = {
				ALWAYS_EMBED_SWIFT_STANDARD_LIBRARIES = YES;
				BUNDLE_LOADER = "$(TEST_HOST)";
				CODE_SIGN_STYLE = Automatic;
				DEVELOPMENT_TEAM = Z7U543763F;
				INFOPLIST_FILE = SoundOfPulsarsTests/Info.plist;
				IPHONEOS_DEPLOYMENT_TARGET = 13.1;
				LD_RUNPATH_SEARCH_PATHS = (
					"$(inherited)",
					"@executable_path/Frameworks",
					"@loader_path/Frameworks",
				);
				PRODUCT_BUNDLE_IDENTIFIER = com.esmago.SoundOfPulsarsTests;
				PRODUCT_NAME = "$(TARGET_NAME)";
				SWIFT_VERSION = 5.0;
				TARGETED_DEVICE_FAMILY = "1,2";
				TEST_HOST = "$(BUILT_PRODUCTS_DIR)/SoundOfPulsars.app/SoundOfPulsars";
			};
			name = Release;
		};
		0A992CA923AF82EB001F7B28 /* Debug */ = {
			isa = XCBuildConfiguration;
			baseConfigurationReference = 187746A25D810F64D44E2E41 /* Pods-SoundOfPulsars-SoundOfPulsarsUITests.debug.xcconfig */;
			buildSettings = {
				ALWAYS_EMBED_SWIFT_STANDARD_LIBRARIES = YES;
				CODE_SIGN_STYLE = Automatic;
				DEVELOPMENT_TEAM = Z7U543763F;
				INFOPLIST_FILE = SoundOfPulsarsUITests/Info.plist;
				LD_RUNPATH_SEARCH_PATHS = (
					"$(inherited)",
					"@executable_path/Frameworks",
					"@loader_path/Frameworks",
				);
				PRODUCT_BUNDLE_IDENTIFIER = com.esmago.SoundOfPulsarsUITests;
				PRODUCT_NAME = "$(TARGET_NAME)";
				SWIFT_VERSION = 5.0;
				TARGETED_DEVICE_FAMILY = "1,2";
				TEST_TARGET_NAME = SoundOfPulsars;
			};
			name = Debug;
		};
		0A992CAA23AF82EB001F7B28 /* Release */ = {
			isa = XCBuildConfiguration;
			baseConfigurationReference = 0B11F03D55705CDFCF41D96C /* Pods-SoundOfPulsars-SoundOfPulsarsUITests.release.xcconfig */;
			buildSettings = {
				ALWAYS_EMBED_SWIFT_STANDARD_LIBRARIES = YES;
				CODE_SIGN_STYLE = Automatic;
				DEVELOPMENT_TEAM = Z7U543763F;
				INFOPLIST_FILE = SoundOfPulsarsUITests/Info.plist;
				LD_RUNPATH_SEARCH_PATHS = (
					"$(inherited)",
					"@executable_path/Frameworks",
					"@loader_path/Frameworks",
				);
				PRODUCT_BUNDLE_IDENTIFIER = com.esmago.SoundOfPulsarsUITests;
				PRODUCT_NAME = "$(TARGET_NAME)";
				SWIFT_VERSION = 5.0;
				TARGETED_DEVICE_FAMILY = "1,2";
				TEST_TARGET_NAME = SoundOfPulsars;
			};
			name = Release;
		};
/* End XCBuildConfiguration section */

/* Begin XCConfigurationList section */
		0A992C7323AF82E9001F7B28 /* Build configuration list for PBXProject "SoundOfPulsars" */ = {
			isa = XCConfigurationList;
			buildConfigurations = (
				0A992CA023AF82EB001F7B28 /* Debug */,
				0A992CA123AF82EB001F7B28 /* Release */,
			);
			defaultConfigurationIsVisible = 0;
			defaultConfigurationName = Release;
		};
		0A992CA223AF82EB001F7B28 /* Build configuration list for PBXNativeTarget "SoundOfPulsars" */ = {
			isa = XCConfigurationList;
			buildConfigurations = (
				0A992CA323AF82EB001F7B28 /* Debug */,
				0A992CA423AF82EB001F7B28 /* Release */,
			);
			defaultConfigurationIsVisible = 0;
			defaultConfigurationName = Release;
		};
		0A992CA523AF82EB001F7B28 /* Build configuration list for PBXNativeTarget "SoundOfPulsarsTests" */ = {
			isa = XCConfigurationList;
			buildConfigurations = (
				0A992CA623AF82EB001F7B28 /* Debug */,
				0A992CA723AF82EB001F7B28 /* Release */,
			);
			defaultConfigurationIsVisible = 0;
			defaultConfigurationName = Release;
		};
		0A992CA823AF82EB001F7B28 /* Build configuration list for PBXNativeTarget "SoundOfPulsarsUITests" */ = {
			isa = XCConfigurationList;
			buildConfigurations = (
				0A992CA923AF82EB001F7B28 /* Debug */,
				0A992CAA23AF82EB001F7B28 /* Release */,
			);
			defaultConfigurationIsVisible = 0;
			defaultConfigurationName = Release;
		};
/* End XCConfigurationList section */
	};
	rootObject = 0A992C7023AF82E9001F7B28 /* Project object */;
}
